
Microsoft Visual Studio Solution File, Format Version 12.00
# Visual Studio Version 17
VisualStudioVersion = 17.6.33815.320
MinimumVisualStudioVersion = 10.0.40219.1
Project("{9A19103F-16F7-4668-BE54-9A1E7A4F7556}") = "RegistryViewer2023", "RegistryViewer2023\RegistryViewer2023.csproj", "{CA5401F0-B177-43D8-9633-F1BD21B3143E}"
EndProject
Global
	GlobalSection(SolutionConfigurationPlatforms) = preSolution
		Debug|Any CPU = Debug|Any CPU
		Release|Any CPU = Release|Any CPU
	EndGlobalSection
	GlobalSection(ProjectConfigurationPlatforms) = postSolution
		{CA5401F0-B177-43D8-9633-F1BD21B3143E}.Debug|Any CPU.ActiveCfg = Debug|Any CPU
		{CA5401F0-B177-43D8-9633-F1BD21B3143E}.Debug|Any CPU.Build.0 = Debug|Any CPU
		{CA5401F0-B177-43D8-9633-F1BD21B3143E}.Release|Any CPU.ActiveCfg = Release|Any CPU
		{CA5401F0-B177-43D8-9633-F1BD21B3143E}.Release|Any CPU.Build.0 = Release|Any CPU
	EndGlobalSection
	GlobalSection(SolutionProperties) = preSolution
		HideSolutionNode = FALSE
	EndGlobalSection
	GlobalSection(ExtensibilityGlobals) = postSolution
		SolutionGuid = {92B6F25F-78B0-45FC-8C01-EEF8F21199D0}
	EndGlobalSection
EndGlobal
