
Microsoft Visual Studio Solution File, Format Version 12.00
# Visual Studio Version 17
VisualStudioVersion = 17.6.33815.320
MinimumVisualStudioVersion = 10.0.40219.1
Project("{9A19103F-16F7-4668-BE54-9A1E7A4F7556}") = "PlannerDAL", "PlannerDAL\PlannerDAL.csproj", "{AB3CA46C-318E-4C06-8FB5-D964DFA3CA1E}"
EndProject
Project("{FAE04EC0-301F-11D3-BF4B-00C04F79EFBC}") = "PlannerView", "PlannerView\PlannerView.csproj", "{F44F4456-6D59-472D-985C-E399FC503CC0}"
EndProject
Global
	GlobalSection(SolutionConfigurationPlatforms) = preSolution
		Debug|Any CPU = Debug|Any CPU
		Release|Any CPU = Release|Any CPU
	EndGlobalSection
	GlobalSection(ProjectConfigurationPlatforms) = postSolution
		{AB3CA46C-318E-4C06-8FB5-D964DFA3CA1E}.Debug|Any CPU.ActiveCfg = Debug|Any CPU
		{AB3CA46C-318E-4C06-8FB5-D964DFA3CA1E}.Debug|Any CPU.Build.0 = Debug|Any CPU
		{AB3CA46C-318E-4C06-8FB5-D964DFA3CA1E}.Release|Any CPU.ActiveCfg = Release|Any CPU
		{AB3CA46C-318E-4C06-8FB5-D964DFA3CA1E}.Release|Any CPU.Build.0 = Release|Any CPU
		{F44F4456-6D59-472D-985C-E399FC503CC0}.Debug|Any CPU.ActiveCfg = Debug|Any CPU
		{F44F4456-6D59-472D-985C-E399FC503CC0}.Debug|Any CPU.Build.0 = Debug|Any CPU
		{F44F4456-6D59-472D-985C-E399FC503CC0}.Release|Any CPU.ActiveCfg = Release|Any CPU
		{F44F4456-6D59-472D-985C-E399FC503CC0}.Release|Any CPU.Build.0 = Release|Any CPU
	EndGlobalSection
	GlobalSection(SolutionProperties) = preSolution
		HideSolutionNode = FALSE
	EndGlobalSection
	GlobalSection(ExtensibilityGlobals) = postSolution
		SolutionGuid = {0130D0E4-C4FE-4695-B305-942FCD68D2D7}
	EndGlobalSection
EndGlobal
